<?xml version="1.0" encoding="utf-8"?>
<Project ToolsVersion="16.0" xmlns="http://schemas.microsoft.com/developer/msbuild/2003">
  <ItemGroup>
    <ClCompile Include="D:\Big Projects\Distributed Data Science System\src\utils\types.cpp">
      <Filter>Source Files</Filter>
    </ClCompile>
    <ClCompile Include="D:\Big Projects\Distributed Data Science System\src\storage\hadoop_storage.cpp">
      <Filter>Source Files</Filter>
    </ClCompile>
    <ClCompile Include="D:\Big Projects\Distributed Data Science System\src\web\web_server.cpp">
      <Filter>Source Files</Filter>
    </ClCompile>
    <ClCompile Include="D:\Big Projects\Distributed Data Science System\src\database\database_manager.cpp">
      <Filter>Source Files</Filter>
    </ClCompile>
    <ClCompile Include="D:\Big Projects\Distributed Data Science System\src\algorithms\advanced_algorithms.cpp">
      <Filter>Source Files</Filter>
    </ClCompile>
    <ClCompile Include="D:\Big Projects\Distributed Data Science System\src\monitoring\system_monitor.cpp">
      <Filter>Source Files</Filter>
    </ClCompile>
    <ClCompile Include="D:\Big Projects\Distributed Data Science System\src\config\configuration_manager.cpp">
      <Filter>Source Files</Filter>
    </ClCompile>
    <ClCompile Include="D:\Big Projects\Distributed Data Science System\examples\example_usage.cpp">
      <Filter>Source Files</Filter>
    </ClCompile>
  </ItemGroup>
  <ItemGroup>
    <CustomBuild Include="D:\Big Projects\Distributed Data Science System\CMakeLists.txt" />
  </ItemGroup>
  <ItemGroup>
    <Filter Include="Source Files">
      <UniqueIdentifier>{D86292DD-6A7C-32B8-9B9E-18F41AA2416D}</UniqueIdentifier>
    </Filter>
  </ItemGroup>
</Project>
